
Microsoft Visual Studio Solution File, Format Version 12.00
# Visual Studio Version 17
VisualStudioVersion = 17.6.33723.286
MinimumVisualStudioVersion = 10.0.40219.1
Project("{FAE04EC0-301F-11D3-BF4B-00C04F79EFBC}") = "StringBuilder01", "StringBuilder01\StringBuilder01.csproj", "{7E351448-0C7C-4ED7-B4DE-338932B64784}"
EndProject
Global
	GlobalSection(SolutionConfigurationPlatforms) = preSolution
		Debug|Any CPU = Debug|Any CPU
		Release|Any CPU = Release|Any CPU
	EndGlobalSection
	GlobalSection(ProjectConfigurationPlatforms) = postSolution
		{7E351448-0C7C-4ED7-B4DE-338932B64784}.Debug|Any CPU.ActiveCfg = Debug|Any CPU
		{7E351448-0C7C-4ED7-B4DE-338932B64784}.Debug|Any CPU.Build.0 = Debug|Any CPU
		{7E351448-0C7C-4ED7-B4DE-338932B64784}.Release|Any CPU.ActiveCfg = Release|Any CPU
		{7E351448-0C7C-4ED7-B4DE-338932B64784}.Release|Any CPU.Build.0 = Release|Any CPU
	EndGlobalSection
	GlobalSection(SolutionProperties) = preSolution
		HideSolutionNode = FALSE
	EndGlobalSection
	GlobalSection(ExtensibilityGlobals) = postSolution
		SolutionGuid = {6BAF26BC-2A28-4C50-96A3-81F83ADEFE84}
	EndGlobalSection
EndGlobal
